lockfileVersion: '9.0'

settings:
  autoInstallPeers: true
  excludeLinksFromLockfile: false

importers:

  .:
    devDependencies:
      '@stardust-configs/tsconfig':
        specifier: ^0.1.1
        version: 0.1.1(typescript@4.3.5)
      '@types/node':
        specifier: ^16.4.13
        version: 16.4.13
      jsonlint:
        specifier: ^1.6.3
        version: 1.6.3
      prettier:
        specifier: ^2.3.2
        version: 2.3.2
      rimraf:
        specifier: ^3.0.2
        version: 3.0.2
      ts-node:
        specifier: ^10.2.0
        version: 10.2.0(@types/node@16.4.13)(typescript@4.3.5)
      typescript:
        specifier: ^4.3.5
        version: 4.3.5

packages:

  '@cspotcode/source-map-consumer@0.8.0':
    resolution: {integrity: sha512-41qniHzTU8yAGbCp04ohlmSrZf8bkf/iJsl3V0dRGsQN/5GFfx+LbCSsCpp2gqrqjTVg/K6O8ycoV35JIwAzAg==}
    engines: {node: '>= 12'}

  '@cspotcode/source-map-support@0.6.1':
    resolution: {integrity: sha512-DX3Z+T5dt1ockmPdobJS/FAsQPW4V4SrWEhD2iYQT2Cb2tQsiMnYxrcUH9By/Z3B+v0S5LMBkQtV/XOBbpLEOg==}
    engines: {node: '>=12'}

  '@stardust-configs/tsconfig@0.1.1':
    resolution: {integrity: sha512-CHRiCaETG0Q7Syrm/Uj5zdtRJtQWJiBbPaeH0VAezasBfZj97DHbuCE+2D8eo8YIHXtWbyJK4R1D51GhxsLcpw==}
    peerDependencies:
      typescript: '*'

  '@tsconfig/node10@1.0.8':
    resolution: {integrity: sha512-6XFfSQmMgq0CFLY1MslA/CPUfhIL919M1rMsa5lP2P097N2Wd1sSX0tx1u4olM16fLNhtHZpRhedZJphNJqmZg==}

  '@tsconfig/node12@1.0.9':
    resolution: {integrity: sha512-/yBMcem+fbvhSREH+s14YJi18sp7J9jpuhYByADT2rypfajMZZN4WQ6zBGgBKp53NKmqI36wFYDb3yaMPurITw==}

  '@tsconfig/node14@1.0.1':
    resolution: {integrity: sha512-509r2+yARFfHHE7T6Puu2jjkoycftovhXRqW328PDXTVGKihlb1P8Z9mMZH04ebyajfRY7dedfGynlrFHJUQCg==}

  '@tsconfig/node16@1.0.2':
    resolution: {integrity: sha512-eZxlbI8GZscaGS7kkc/trHTT5xgrjH3/1n2JDwusC9iahPKWMRvRjJSAN5mCXviuTGQ/lHnhvv8Q1YTpnfz9gA==}

  '@types/node@16.4.13':
    resolution: {integrity: sha512-bLL69sKtd25w7p1nvg9pigE4gtKVpGTPojBFLMkGHXuUgap2sLqQt2qUnqmVCDfzGUL0DRNZP+1prIZJbMeAXg==}

  JSV@4.0.2:
    resolution: {integrity: sha512-ZJ6wx9xaKJ3yFUhq5/sk82PJMuUyLk277I8mQeyDgCTjGdjWJIvPfaU5LIXaMuaN2UO1X3kZH4+lgphublZUHw==}

  acorn-walk@8.1.1:
    resolution: {integrity: sha512-FbJdceMlPHEAWJOILDk1fXD8lnTlEIWFkqtfk+MvmL5q/qlHfN7GEHcsFZWt/Tea9jRNPWUZG4G976nqAAmU9w==}
    engines: {node: '>=0.4.0'}

  acorn@8.4.1:
    resolution: {integrity: sha512-asabaBSkEKosYKMITunzX177CXxQ4Q8BSSzMTKD+FefUhipQC70gfW5SiUDhYQ3vk8G+81HqQk7Fv9OXwwn9KA==}
    engines: {node: '>=0.4.0'}
    hasBin: true

  ansi-styles@1.0.0:
    resolution: {integrity: sha512-3iF4FIKdxaVYT3JqQuY3Wat/T2t7TRbbQ94Fu50ZUCbLy4TFbTzr90NOHQodQkNqmeEGCw8WbeP78WNi6SKYUA==}
    engines: {node: '>=0.8.0'}

  arg@4.1.3:
    resolution: {integrity: sha512-58S9QDqG0Xx27YwPSt9fJxivjYl432YCwfDMfZ+71RAqUrZef7LrKQZ3LHLOwCS4FLNBplP533Zx895SeOCHvA==}

  balanced-match@1.0.0:
    resolution: {integrity: sha512-9Y0g0Q8rmSt+H33DfKv7FOc3v+iRI+o1lbzt8jGcIosYW37IIW/2XVYq5NPdmaD5NQ59Nk26Kl/vZbwW9Fr8vg==}

  brace-expansion@1.1.11:
    resolution: {integrity: sha512-iCuPHDFgrHX7H2vEI/5xpz07zSHB00TpugqhmYtVmMO6518mCuRMoOYFldEBl0g187ufozdaHgWKcYFb61qGiA==}

  chalk@0.4.0:
    resolution: {integrity: sha512-sQfYDlfv2DGVtjdoQqxS0cEZDroyG8h6TamA6rvxwlrU5BaSLDx9xhatBYl2pxZ7gmpNaPFVwBtdGdu5rQ+tYQ==}
    engines: {node: '>=0.8.0'}

  concat-map@0.0.1:
    resolution: {integrity: sha512-/Srv4dswyQNBfohGpz9o6Yb3Gz3SrUDqBH5rTuhGR7ahtlbYKnVxw2bCFMRljaA7EXHaXZ8wsHdodFvbkhKmqg==}

  create-require@1.1.1:
    resolution: {integrity: sha512-dcKFX3jn0MpIaXjisoRvexIJVEKzaq7z2rZKxf+MSr9TkdmHmsU4m2lcLojrj/FHl8mk5VxMmYA+ftRkP/3oKQ==}

  diff@4.0.2:
    resolution: {integrity: sha512-58lmxKSA4BNyLz+HHMUzlOEpg09FV+ev6ZMe3vJihgdxzgcwZ8VoEEPmALCZG9LmqfVoNMMKpttIYTVG6uDY7A==}
    engines: {node: '>=0.3.1'}

  fs.realpath@1.0.0:
    resolution: {integrity: sha512-OO0pH2lK6a0hZnAdau5ItzHPI6pUlvI7jMVnxUQRtw4owF2wk8lOSabtGDCTP4Ggrg2MbGnWO9X8K1t4+fGMDw==}

  glob@7.1.7:
    resolution: {integrity: sha512-OvD9ENzPLbegENnYP5UUfJIirTg4+XwMWGaQfQTY0JenxNvvIKP3U3/tAQSPIu/lHxXYSZmpXlUHeqAIdKzBLQ==}
    deprecated: Glob versions prior to v9 are no longer supported

  has-color@0.1.7:
    resolution: {integrity: sha512-kaNz5OTAYYmt646Hkqw50/qyxP2vFnTVu5AQ1Zmk22Kk5+4Qx6BpO8+u7IKsML5fOsFk0ZT0AcCJNYwcvaLBvw==}
    engines: {node: '>=0.10.0'}

  inflight@1.0.6:
    resolution: {integrity: sha512-k92I/b08q4wvFscXCLvqfsHCrjrF7yiXsQuIVvVE7N82W3+aqpzuUdBbfhWcy/FZR3/4IgflMgKLOsvPDrGCJA==}
    deprecated: This module is not supported, and leaks memory. Do not use it. Check out lru-cache if you want a good and tested way to coalesce async requests by a key value, which is much more comprehensive and powerful.

  inherits@2.0.4:
    resolution: {integrity: sha512-k/vGaX4/Yla3WzyMCvTQOXYeIHvqOKtnqBduzTHpzpQZzAskKMhZ2K+EnBiSM9zGSoIFeMpXKxa4dYeZIQqewQ==}

  jsonlint@1.6.3:
    resolution: {integrity: sha512-jMVTMzP+7gU/IyC6hvKyWpUU8tmTkK5b3BPNuMI9U8Sit+YAWLlZwB6Y6YrdCxfg2kNz05p3XY3Bmm4m26Nv3A==}
    engines: {node: '>= 0.6'}
    hasBin: true

  make-error@1.3.6:
    resolution: {integrity: sha512-s8UhlNe7vPKomQhC1qFelMokr/Sc3AgNbso3n74mVPA5LTZwkB9NlXf4XPamLxJE8h0gh73rM94xvwRT2CVInw==}

  minimatch@3.0.4:
    resolution: {integrity: sha512-yJHVQEhyqPLUTgt9B83PXu6W3rx4MvvHvSUvToogpwoGDOUQ+yDrR0HRot+yOCdCO7u4hX3pWft6kWBBcqh0UA==}

  nomnom@1.8.1:
    resolution: {integrity: sha512-5s0JxqhDx9/rksG2BTMVN1enjWSvPidpoSgViZU4ZXULyTe+7jxcCRLB6f42Z0l1xYJpleCBtSyY6Lwg3uu5CQ==}
    deprecated: Package no longer supported. Contact support@npmjs.com for more info.

  once@1.4.0:
    resolution: {integrity: sha512-lNaJgI+2Q5URQBkccEKHTQOPaXdUxnZZElQTZY0MFUAuaEqe1E+Nyvgdz/aIyNi6Z9MzO5dv1H8n58/GELp3+w==}

  path-is-absolute@1.0.1:
    resolution: {integrity: sha512-AVbw3UJ2e9bq64vSaS9Am0fje1Pa8pbGqTTsmXfaIiMpnr5DlDhfJOuLj9Sf95ZPVDAUerDfEk88MPmPe7UCQg==}
    engines: {node: '>=0.10.0'}

  prettier@2.3.2:
    resolution: {integrity: sha512-lnJzDfJ66zkMy58OL5/NY5zp70S7Nz6KqcKkXYzn2tMVrNxvbqaBpg7H3qHaLxCJ5lNMsGuM8+ohS7cZrthdLQ==}
    engines: {node: '>=10.13.0'}
    hasBin: true

  rimraf@3.0.2:
    resolution: {integrity: sha512-JZkJMZkAGFFPP2YqXZXPbMlMBgsxzE8ILs4lMIX/2o0L9UBw9O/Y3o6wFw/i9YLapcUJWwqbi3kdxIPdC62TIA==}
    deprecated: Rimraf versions prior to v4 are no longer supported
    hasBin: true

  strip-ansi@0.1.1:
    resolution: {integrity: sha512-behete+3uqxecWlDAm5lmskaSaISA+ThQ4oNNBDTBJt0x2ppR6IPqfZNuj6BLaLJ/Sji4TPZlcRyOis8wXQTLg==}
    engines: {node: '>=0.8.0'}
    hasBin: true

  ts-node@10.2.0:
    resolution: {integrity: sha512-FstYHtQz6isj8rBtYMN4bZdnXN1vq4HCbqn9vdNQcInRqtB86PePJQIxE6es0PhxKWhj2PHuwbG40H+bxkZPmg==}
    engines: {node: '>=12.0.0'}
    hasBin: true
    peerDependencies:
      '@swc/core': '>=1.2.50'
      '@swc/wasm': '>=1.2.50'
      '@types/node': '*'
      typescript: '>=2.7'
    peerDependenciesMeta:
      '@swc/core':
        optional: true
      '@swc/wasm':
        optional: true

  typescript@4.3.5:
    resolution: {integrity: sha512-DqQgihaQ9cUrskJo9kIyW/+g0Vxsk8cDtZ52a3NGh0YNTfpUSArXSohyUGnvbPazEPLu398C0UxmKSOrPumUzA==}
    engines: {node: '>=4.2.0'}
    hasBin: true

  underscore@1.6.0:
    resolution: {integrity: sha512-z4o1fvKUojIWh9XuaVLUDdf86RQiq13AC1dmHbTpoyuu+bquHms76v16CjycCbec87J7z0k//SiQVk0sMdFmpQ==}

  wrappy@1.0.2:
    resolution: {integrity: sha512-l4Sp/DRseor9wL6EvV2+TuQn63dMkPjZ/sp9XkghTEbV9KlPS1xUsZ3u7/IQO4wxtcFB4bgpQPRcR3QCvezPcQ==}

  yn@3.1.1:
    resolution: {integrity: sha512-Ux4ygGWsu2c7isFWe8Yu1YluJmqVhxqK2cLXNQA5AcC3QfbGNpM7fu0Y8b/z16pXLnFxZYvWhd3fhBY9DLmC6Q==}
    engines: {node: '>=6'}

snapshots:

  '@cspotcode/source-map-consumer@0.8.0': {}

  '@cspotcode/source-map-support@0.6.1':
    dependencies:
      '@cspotcode/source-map-consumer': 0.8.0

  '@stardust-configs/tsconfig@0.1.1(typescript@4.3.5)':
    dependencies:
      typescript: 4.3.5

  '@tsconfig/node10@1.0.8': {}

  '@tsconfig/node12@1.0.9': {}

  '@tsconfig/node14@1.0.1': {}

  '@tsconfig/node16@1.0.2': {}

  '@types/node@16.4.13': {}

  JSV@4.0.2: {}

  acorn-walk@8.1.1: {}

  acorn@8.4.1: {}

  ansi-styles@1.0.0: {}

  arg@4.1.3: {}

  balanced-match@1.0.0: {}

  brace-expansion@1.1.11:
    dependencies:
      balanced-match: 1.0.0
      concat-map: 0.0.1

  chalk@0.4.0:
    dependencies:
      ansi-styles: 1.0.0
      has-color: 0.1.7
      strip-ansi: 0.1.1

  concat-map@0.0.1: {}

  create-require@1.1.1: {}

  diff@4.0.2: {}

  fs.realpath@1.0.0: {}

  glob@7.1.7:
    dependencies:
      fs.realpath: 1.0.0
      inflight: 1.0.6
      inherits: 2.0.4
      minimatch: 3.0.4
      once: 1.4.0
      path-is-absolute: 1.0.1

  has-color@0.1.7: {}

  inflight@1.0.6:
    dependencies:
      once: 1.4.0
      wrappy: 1.0.2

  inherits@2.0.4: {}

  jsonlint@1.6.3:
    dependencies:
      JSV: 4.0.2
      nomnom: 1.8.1

  make-error@1.3.6: {}

  minimatch@3.0.4:
    dependencies:
      brace-expansion: 1.1.11

  nomnom@1.8.1:
    dependencies:
      chalk: 0.4.0
      underscore: 1.6.0

  once@1.4.0:
    dependencies:
      wrappy: 1.0.2

  path-is-absolute@1.0.1: {}

  prettier@2.3.2: {}

  rimraf@3.0.2:
    dependencies:
      glob: 7.1.7

  strip-ansi@0.1.1: {}

  ts-node@10.2.0(@types/node@16.4.13)(typescript@4.3.5):
    dependencies:
      '@cspotcode/source-map-support': 0.6.1
      '@tsconfig/node10': 1.0.8
      '@tsconfig/node12': 1.0.9
      '@tsconfig/node14': 1.0.1
      '@tsconfig/node16': 1.0.2
      '@types/node': 16.4.13
      acorn: 8.4.1
      acorn-walk: 8.1.1
      arg: 4.1.3
      create-require: 1.1.1
      diff: 4.0.2
      make-error: 1.3.6
      typescript: 4.3.5
      yn: 3.1.1

  typescript@4.3.5: {}

  underscore@1.6.0: {}

  wrappy@1.0.2: {}

  yn@3.1.1: {}
